
Microsoft Visual Studio Solution File, Format Version 12.00
# Visual Studio Version 16
VisualStudioVersion = 16.0.31424.327
MinimumVisualStudioVersion = 10.0.40219.1
Project("{FAE04EC0-301F-11D3-BF4B-00C04F79EFBC}") = "MVCPROJE2_BLOGPROJE.CORE", "MVCPROJE2_BLOGPROJE.CORE\MVCPROJE2_BLOGPROJE.CORE.csproj", "{70CB42E3-BD85-4D41-8633-9916EDB1C7C1}"
EndProject
Project("{FAE04EC0-301F-11D3-BF4B-00C04F79EFBC}") = "MVCPROJE2_BLOGPROJE.DATAACCESS", "MVCPROJE2_BLOGPROJE.DATAACCESS\MVCPROJE2_BLOGPROJE.DATAACCESS.csproj", "{6A9B81C4-6F24-4455-8384-945632C44A8A}"
EndProject
Project("{FAE04EC0-301F-11D3-BF4B-00C04F79EFBC}") = "MVCPROJE2_BLOGPROJE.WEBUI", "MVCPROJE2_BLOGPROJE.WEBUI\MVCPROJE2_BLOGPROJE.WEBUI.csproj", "{DDEA774E-40E2-4327-B04D-B0D71D963626}"
EndProject
Project("{FAE04EC0-301F-11D3-BF4B-00C04F79EFBC}") = "MVCPROJE2_BLOGPROJE.SERVICES", "MVCPROJE2_BLOGPROJE.SERVICES\MVCPROJE2_BLOGPROJE.SERVICES.csproj", "{646F2A1D-7E25-417D-88A3-1315FD76D5ED}"
EndProject
Global
	GlobalSection(SolutionConfigurationPlatforms) = preSolution
		Debug|Any CPU = Debug|Any CPU
		Release|Any CPU = Release|Any CPU
	EndGlobalSection
	GlobalSection(ProjectConfigurationPlatforms) = postSolution
		{70CB42E3-BD85-4D41-8633-9916EDB1C7C1}.Debug|Any CPU.ActiveCfg = Debug|Any CPU
		{70CB42E3-BD85-4D41-8633-9916EDB1C7C1}.Debug|Any CPU.Build.0 = Debug|Any CPU
		{70CB42E3-BD85-4D41-8633-9916EDB1C7C1}.Release|Any CPU.ActiveCfg = Release|Any CPU
		{70CB42E3-BD85-4D41-8633-9916EDB1C7C1}.Release|Any CPU.Build.0 = Release|Any CPU
		{6A9B81C4-6F24-4455-8384-945632C44A8A}.Debug|Any CPU.ActiveCfg = Debug|Any CPU
		{6A9B81C4-6F24-4455-8384-945632C44A8A}.Debug|Any CPU.Build.0 = Debug|Any CPU
		{6A9B81C4-6F24-4455-8384-945632C44A8A}.Release|Any CPU.ActiveCfg = Release|Any CPU
		{6A9B81C4-6F24-4455-8384-945632C44A8A}.Release|Any CPU.Build.0 = Release|Any CPU
		{DDEA774E-40E2-4327-B04D-B0D71D963626}.Debug|Any CPU.ActiveCfg = Debug|Any CPU
		{DDEA774E-40E2-4327-B04D-B0D71D963626}.Debug|Any CPU.Build.0 = Debug|Any CPU
		{DDEA774E-40E2-4327-B04D-B0D71D963626}.Release|Any CPU.ActiveCfg = Release|Any CPU
		{DDEA774E-40E2-4327-B04D-B0D71D963626}.Release|Any CPU.Build.0 = Release|Any CPU
		{646F2A1D-7E25-417D-88A3-1315FD76D5ED}.Debug|Any CPU.ActiveCfg = Debug|Any CPU
		{646F2A1D-7E25-417D-88A3-1315FD76D5ED}.Debug|Any CPU.Build.0 = Debug|Any CPU
		{646F2A1D-7E25-417D-88A3-1315FD76D5ED}.Release|Any CPU.ActiveCfg = Release|Any CPU
		{646F2A1D-7E25-417D-88A3-1315FD76D5ED}.Release|Any CPU.Build.0 = Release|Any CPU
	EndGlobalSection
	GlobalSection(SolutionProperties) = preSolution
		HideSolutionNode = FALSE
	EndGlobalSection
	GlobalSection(ExtensibilityGlobals) = postSolution
		SolutionGuid = {972244E1-211A-41B2-852F-76670EBB421B}
	EndGlobalSection
EndGlobal
